
Microsoft Visual Studio Solution File, Format Version 12.00
# Visual Studio Version 16
VisualStudioVersion = 16.0.29709.97
MinimumVisualStudioVersion = 10.0.40219.1
Project("{888888A0-9F3D-457C-B088-3A5042F75D52}") = "Task01", "Task01\Task01.pyproj", "{D869D33C-754F-4186-813C-C4AEEF6F096A}"
EndProject
Global
	GlobalSection(SolutionConfigurationPlatforms) = preSolution
		Debug|Any CPU = Debug|Any CPU
		Release|Any CPU = Release|Any CPU
	EndGlobalSection
	GlobalSection(ProjectConfigurationPlatforms) = postSolution
		{D869D33C-754F-4186-813C-C4AEEF6F096A}.Debug|Any CPU.ActiveCfg = Debug|Any CPU
		{D869D33C-754F-4186-813C-C4AEEF6F096A}.Debug|Any CPU.Build.0 = Debug|Any CPU
		{D869D33C-754F-4186-813C-C4AEEF6F096A}.Release|Any CPU.ActiveCfg = Release|Any CPU
		{D869D33C-754F-4186-813C-C4AEEF6F096A}.Release|Any CPU.Build.0 = Release|Any CPU
	EndGlobalSection
	GlobalSection(SolutionProperties) = preSolution
		HideSolutionNode = FALSE
	EndGlobalSection
	GlobalSection(ExtensibilityGlobals) = postSolution
		SolutionGuid = {E2B183A3-0EEE-4622-9AC9-28870C4BC6E0}
	EndGlobalSection
EndGlobal
